// !$*UTF8*$!
{
	archiveVersion = 1;
	classes = {
	};
	objectVersion = 46;
	objects = {

/* Begin PBXBuildFile section */
		0B97DC294D8C6E50512C47F4 /* libPods.a in Frameworks */ = {isa = PBXBuildFile; fileRef = 4335BFEC03F1675186383896 /* libPods.a */; };
		321E17D31A9C1A57006E3FDA /* ProgressViewController.m in Sources */ = {isa = PBXBuildFile; fileRef = 321E17D21A9C1A57006E3FDA /* ProgressViewController.m */; };
		328948DE1A944D790024F74D /* PopView.m in Sources */ = {isa = PBXBuildFile; fileRef = 328948DD1A944D790024F74D /* PopView.m */; };
		328948E11A9452290024F74D /* PopViewController.m in Sources */ = {isa = PBXBuildFile; fileRef = 328948E01A9452290024F74D /* PopViewController.m */; };
		329D53EB1A9889030053CF0A /* PopAnimationImageView.m in Sources */ = {isa = PBXBuildFile; fileRef = 329D53EA1A9889030053CF0A /* PopAnimationImageView.m */; };
		C11EE55F1A8C241C00393FC1 /* PopScaleButton.m in Sources */ = {isa = PBXBuildFile; fileRef = C11EE55E1A8C241C00393FC1 /* PopScaleButton.m */; };
		C1400EC11A89DAEC00867496 /* main.m in Sources */ = {isa = PBXBuildFile; fileRef = C1400EC01A89DAEC00867496 /* main.m */; };
		C1400EC41A89DAEC00867496 /* AppDelegate.m in Sources */ = {isa = PBXBuildFile; fileRef = C1400EC31A89DAEC00867496 /* AppDelegate.m */; };
		C1400EC71A89DAEC00867496 /* QuizViewController.m in Sources */ = {isa = PBXBuildFile; fileRef = C1400EC61A89DAEC00867496 /* QuizViewController.m */; };
		C1400ECA1A89DAEC00867496 /* Main.storyboard in Resources */ = {isa = PBXBuildFile; fileRef = C1400EC81A89DAEC00867496 /* Main.storyboard */; };
		C1400ECC1A89DAEC00867496 /* Images.xcassets in Resources */ = {isa = PBXBuildFile; fileRef = C1400ECB1A89DAEC00867496 /* Images.xcassets */; };
		C1400ECF1A89DAEC00867496 /* LaunchScreen.xib in Resources */ = {isa = PBXBuildFile; fileRef = C1400ECD1A89DAEC00867496 /* LaunchScreen.xib */; };
		C1400EDB1A89DAEC00867496 /* QuizKoreanTests.m in Sources */ = {isa = PBXBuildFile; fileRef = C1400EDA1A89DAEC00867496 /* QuizKoreanTests.m */; };
		C1400EE71A89DBB400867496 /* MenuViewController.m in Sources */ = {isa = PBXBuildFile; fileRef = C1400EE61A89DBB400867496 /* MenuViewController.m */; };
		C1400EEA1A89DC5E00867496 /* AboutViewController.m in Sources */ = {isa = PBXBuildFile; fileRef = C1400EE91A89DC5E00867496 /* AboutViewController.m */; };
		C1400EEF1A89DCD000867496 /* GradientView.m in Sources */ = {isa = PBXBuildFile; fileRef = C1400EEE1A89DCD000867496 /* GradientView.m */; };
		C1400EF21A89E3C800867496 /* SettingsViewController.m in Sources */ = {isa = PBXBuildFile; fileRef = C1400EF11A89E3C800867496 /* SettingsViewController.m */; };
		C1400EF61A89E77B00867496 /* PopAnimationButton.m in Sources */ = {isa = PBXBuildFile; fileRef = C1400EF51A89E77B00867496 /* PopAnimationButton.m */; };
		C1705DDB1A905800005129C6 /* iRate.bundle in Resources */ = {isa = PBXBuildFile; fileRef = C1705DD81A905800005129C6 /* iRate.bundle */; };
		C1705DDC1A905800005129C6 /* iRate.m in Sources */ = {isa = PBXBuildFile; fileRef = C1705DDA1A905800005129C6 /* iRate.m */; };
		C1705DDE1A905824005129C6 /* StoreKit.framework in Frameworks */ = {isa = PBXBuildFile; fileRef = C1705DDD1A905824005129C6 /* StoreKit.framework */; };
		C19D61001A9305DB00C03B08 /* PopCustomScaleButton.m in Sources */ = {isa = PBXBuildFile; fileRef = C19D60FF1A9305DB00C03B08 /* PopCustomScaleButton.m */; };
		C1B2A7DF1A8AD12C00FC80C2 /* correct.caf in Resources */ = {isa = PBXBuildFile; fileRef = C1B2A7DE1A8AD12C00FC80C2 /* correct.caf */; };
		C1B2A7E31A8AD18000FC80C2 /* Quiz.m in Sources */ = {isa = PBXBuildFile; fileRef = C1B2A7E21A8AD18000FC80C2 /* Quiz.m */; };
		C1B2A7F81A8AD21C00FC80C2 /* AFHTTPRequestOperation.m in Sources */ = {isa = PBXBuildFile; fileRef = C1B2A7E61A8AD21C00FC80C2 /* AFHTTPRequestOperation.m */; };
		C1B2A7F91A8AD21C00FC80C2 /* AFHTTPRequestOperationManager.m in Sources */ = {isa = PBXBuildFile; fileRef = C1B2A7E81A8AD21C00FC80C2 /* AFHTTPRequestOperationManager.m */; };
		C1B2A7FA1A8AD21C00FC80C2 /* AFHTTPSessionManager.m in Sources */ = {isa = PBXBuildFile; fileRef = C1B2A7EA1A8AD21C00FC80C2 /* AFHTTPSessionManager.m */; };
		C1B2A7FB1A8AD21C00FC80C2 /* AFNetworkReachabilityManager.m in Sources */ = {isa = PBXBuildFile; fileRef = C1B2A7ED1A8AD21C00FC80C2 /* AFNetworkReachabilityManager.m */; };
		C1B2A7FC1A8AD21C00FC80C2 /* AFSecurityPolicy.m in Sources */ = {isa = PBXBuildFile; fileRef = C1B2A7EF1A8AD21C00FC80C2 /* AFSecurityPolicy.m */; };
		C1B2A7FD1A8AD21C00FC80C2 /* AFURLConnectionOperation.m in Sources */ = {isa = PBXBuildFile; fileRef = C1B2A7F11A8AD21C00FC80C2 /* AFURLConnectionOperation.m */; };
		C1B2A7FE1A8AD21C00FC80C2 /* AFURLRequestSerialization.m in Sources */ = {isa = PBXBuildFile; fileRef = C1B2A7F31A8AD21C00FC80C2 /* AFURLRequestSerialization.m */; };
		C1B2A7FF1A8AD21C00FC80C2 /* AFURLResponseSerialization.m in Sources */ = {isa = PBXBuildFile; fileRef = C1B2A7F51A8AD21C00FC80C2 /* AFURLResponseSerialization.m */; };
		C1B2A8001A8AD21C00FC80C2 /* AFURLSessionManager.m in Sources */ = {isa = PBXBuildFile; fileRef = C1B2A7F71A8AD21C00FC80C2 /* AFURLSessionManager.m */; };
		C1B2A8041A8AE48C00FC80C2 /* UIImage+ChangeColor.m in Sources */ = {isa = PBXBuildFile; fileRef = C1B2A8031A8AE48C00FC80C2 /* UIImage+ChangeColor.m */; };
		C1E4F52E1A8C7E0200A924F7 /* PopAnimationClearButton.m in Sources */ = {isa = PBXBuildFile; fileRef = C1E4F52D1A8C7E0200A924F7 /* PopAnimationClearButton.m */; };
/* End PBXBuildFile section */

/* Begin PBXContainerItemProxy section */
		C1400ED51A89DAEC00867496 /* PBXContainerItemProxy */ = {
			isa = PBXContainerItemProxy;
			containerPortal = C1400EB31A89DAEC00867496 /* Project object */;
			proxyType = 1;
			remoteGlobalIDString = C1400EBA1A89DAEC00867496;
			remoteInfo = QuizKorean;
		};
/* End PBXContainerItemProxy section */

/* Begin PBXFileReference section */
		321E17D11A9C1A57006E3FDA /* ProgressViewController.h */ = {isa = PBXFileReference; fileEncoding = 4; lastKnownFileType = sourcecode.c.h; path = ProgressViewController.h; sourceTree = "<group>"; };
		321E17D21A9C1A57006E3FDA /* ProgressViewController.m */ = {isa = PBXFileReference; fileEncoding = 4; lastKnownFileType = sourcecode.c.objc; path = ProgressViewController.m; sourceTree = "<group>"; };
		328948DC1A944D790024F74D /* PopView.h */ = {isa = PBXFileReference; fileEncoding = 4; lastKnownFileType = sourcecode.c.h; path = PopView.h; sourceTree = "<group>"; };
		328948DD1A944D790024F74D /* PopView.m */ = {isa = PBXFileReference; fileEncoding = 4; lastKnownFileType = sourcecode.c.objc; path = PopView.m; sourceTree = "<group>"; };
		328948DF1A9452290024F74D /* PopViewController.h */ = {isa = PBXFileReference; fileEncoding = 4; lastKnownFileType = sourcecode.c.h; path = PopViewController.h; sourceTree = "<group>"; };
		328948E01A9452290024F74D /* PopViewController.m */ = {isa = PBXFileReference; fileEncoding = 4; lastKnownFileType = sourcecode.c.objc; path = PopViewController.m; sourceTree = "<group>"; };
		329D53E91A9889030053CF0A /* PopAnimationImageView.h */ = {isa = PBXFileReference; fileEncoding = 4; lastKnownFileType = sourcecode.c.h; path = PopAnimationImageView.h; sourceTree = "<group>"; };
		329D53EA1A9889030053CF0A /* PopAnimationImageView.m */ = {isa = PBXFileReference; fileEncoding = 4; lastKnownFileType = sourcecode.c.objc; path = PopAnimationImageView.m; sourceTree = "<group>"; };
		4335BFEC03F1675186383896 /* libPods.a */ = {isa = PBXFileReference; explicitFileType = archive.ar; includeInIndex = 0; path = libPods.a; sourceTree = BUILT_PRODUCTS_DIR; };
		55C41846C9C4A9A3FF714D22 /* Pods.debug.xcconfig */ = {isa = PBXFileReference; includeInIndex = 1; lastKnownFileType = text.xcconfig; name = Pods.debug.xcconfig; path = "Pods/Target Support Files/Pods/Pods.debug.xcconfig"; sourceTree = "<group>"; };
		A93D3854E72A579DC09E0303 /* Pods.release.xcconfig */ = {isa = PBXFileReference; includeInIndex = 1; lastKnownFileType = text.xcconfig; name = Pods.release.xcconfig; path = "Pods/Target Support Files/Pods/Pods.release.xcconfig"; sourceTree = "<group>"; };
		C11EE55D1A8C241C00393FC1 /* PopScaleButton.h */ = {isa = PBXFileReference; fileEncoding = 4; lastKnownFileType = sourcecode.c.h; path = PopScaleButton.h; sourceTree = "<group>"; };
		C11EE55E1A8C241C00393FC1 /* PopScaleButton.m */ = {isa = PBXFileReference; fileEncoding = 4; lastKnownFileType = sourcecode.c.objc; path = PopScaleButton.m; sourceTree = "<group>"; };
		C13B92661A8DA22B00F37C82 /* PrefixHeader.pch */ = {isa = PBXFileReference; fileEncoding = 4; lastKnownFileType = sourcecode.c.h; path = PrefixHeader.pch; sourceTree = "<group>"; };
		C13B92671A8DBC6700F37C82 /* MessageUI.framework */ = {isa = PBXFileReference; lastKnownFileType = wrapper.framework; name = MessageUI.framework; path = System/Library/Frameworks/MessageUI.framework; sourceTree = SDKROOT; };
		C1400EBB1A89DAEC00867496 /* QuizKorean.app */ = {isa = PBXFileReference; explicitFileType = wrapper.application; includeInIndex = 0; path = QuizKorean.app; sourceTree = BUILT_PRODUCTS_DIR; };
		C1400EBF1A89DAEC00867496 /* Info.plist */ = {isa = PBXFileReference; lastKnownFileType = text.plist.xml; path = Info.plist; sourceTree = "<group>"; };
		C1400EC01A89DAEC00867496 /* main.m */ = {isa = PBXFileReference; lastKnownFileType = sourcecode.c.objc; path = main.m; sourceTree = "<group>"; };
		C1400EC21A89DAEC00867496 /* AppDelegate.h */ = {isa = PBXFileReference; lastKnownFileType = sourcecode.c.h; path = AppDelegate.h; sourceTree = "<group>"; };
		C1400EC31A89DAEC00867496 /* AppDelegate.m */ = {isa = PBXFileReference; lastKnownFileType = sourcecode.c.objc; path = AppDelegate.m; sourceTree = "<group>"; };
		C1400EC51A89DAEC00867496 /* QuizViewController.h */ = {isa = PBXFileReference; lastKnownFileType = sourcecode.c.h; path = QuizViewController.h; sourceTree = "<group>"; };
		C1400EC61A89DAEC00867496 /* QuizViewController.m */ = {isa = PBXFileReference; lastKnownFileType = sourcecode.c.objc; path = QuizViewController.m; sourceTree = "<group>"; };
		C1400EC91A89DAEC00867496 /* Base */ = {isa = PBXFileReference; lastKnownFileType = file.storyboard; name = Base; path = Base.lproj/Main.storyboard; sourceTree = "<group>"; };
		C1400ECB1A89DAEC00867496 /* Images.xcassets */ = {isa = PBXFileReference; lastKnownFileType = folder.assetcatalog; path = Images.xcassets; sourceTree = "<group>"; };
		C1400ECE1A89DAEC00867496 /* Base */ = {isa = PBXFileReference; lastKnownFileType = file.xib; name = Base; path = Base.lproj/LaunchScreen.xib; sourceTree = "<group>"; };
		C1400ED41A89DAEC00867496 /* QuizKoreanTests.xctest */ = {isa = PBXFileReference; explicitFileType = wrapper.cfbundle; includeInIndex = 0; path = QuizKoreanTests.xctest; sourceTree = BUILT_PRODUCTS_DIR; };
		C1400ED91A89DAEC00867496 /* Info.plist */ = {isa = PBXFileReference; lastKnownFileType = text.plist.xml; path = Info.plist; sourceTree = "<group>"; };
		C1400EDA1A89DAEC00867496 /* QuizKoreanTests.m */ = {isa = PBXFileReference; lastKnownFileType = sourcecode.c.objc; path = QuizKoreanTests.m; sourceTree = "<group>"; };
		C1400EE51A89DBB400867496 /* MenuViewController.h */ = {isa = PBXFileReference; fileEncoding = 4; lastKnownFileType = sourcecode.c.h; path = MenuViewController.h; sourceTree = "<group>"; };
		C1400EE61A89DBB400867496 /* MenuViewController.m */ = {isa = PBXFileReference; fileEncoding = 4; lastKnownFileType = sourcecode.c.objc; path = MenuViewController.m; sourceTree = "<group>"; };
		C1400EE81A89DC5E00867496 /* AboutViewController.h */ = {isa = PBXFileReference; fileEncoding = 4; lastKnownFileType = sourcecode.c.h; path = AboutViewController.h; sourceTree = "<group>"; };
		C1400EE91A89DC5E00867496 /* AboutViewController.m */ = {isa = PBXFileReference; fileEncoding = 4; lastKnownFileType = sourcecode.c.objc; path = AboutViewController.m; sourceTree = "<group>"; };
		C1400EED1A89DCD000867496 /* GradientView.h */ = {isa = PBXFileReference; fileEncoding = 4; lastKnownFileType = sourcecode.c.h; path = GradientView.h; sourceTree = "<group>"; };
		C1400EEE1A89DCD000867496 /* GradientView.m */ = {isa = PBXFileReference; fileEncoding = 4; lastKnownFileType = sourcecode.c.objc; path = GradientView.m; sourceTree = "<group>"; };
		C1400EF01A89E3C800867496 /* SettingsViewController.h */ = {isa = PBXFileReference; fileEncoding = 4; lastKnownFileType = sourcecode.c.h; path = SettingsViewController.h; sourceTree = "<group>"; };
		C1400EF11A89E3C800867496 /* SettingsViewController.m */ = {isa = PBXFileReference; fileEncoding = 4; lastKnownFileType = sourcecode.c.objc; path = SettingsViewController.m; sourceTree = "<group>"; };
		C1400EF41A89E77B00867496 /* PopAnimationButton.h */ = {isa = PBXFileReference; fileEncoding = 4; lastKnownFileType = sourcecode.c.h; path = PopAnimationButton.h; sourceTree = "<group>"; };
		C1400EF51A89E77B00867496 /* PopAnimationButton.m */ = {isa = PBXFileReference; fileEncoding = 4; lastKnownFileType = sourcecode.c.objc; path = PopAnimationButton.m; sourceTree = "<group>"; };
		C1705DD81A905800005129C6 /* iRate.bundle */ = {isa = PBXFileReference; lastKnownFileType = "wrapper.plug-in"; path = iRate.bundle; sourceTree = "<group>"; };
		C1705DD91A905800005129C6 /* iRate.h */ = {isa = PBXFileReference; fileEncoding = 4; lastKnownFileType = sourcecode.c.h; path = iRate.h; sourceTree = "<group>"; };
		C1705DDA1A905800005129C6 /* iRate.m */ = {isa = PBXFileReference; fileEncoding = 4; lastKnownFileType = sourcecode.c.objc; path = iRate.m; sourceTree = "<group>"; };
		C1705DDD1A905824005129C6 /* StoreKit.framework */ = {isa = PBXFileReference; lastKnownFileType = wrapper.framework; name = StoreKit.framework; path = System/Library/Frameworks/StoreKit.framework; sourceTree = SDKROOT; };
		C19D60FE1A9305DB00C03B08 /* PopCustomScaleButton.h */ = {isa = PBXFileReference; fileEncoding = 4; lastKnownFileType = sourcecode.c.h; path = PopCustomScaleButton.h; sourceTree = "<group>"; };
		C19D60FF1A9305DB00C03B08 /* PopCustomScaleButton.m */ = {isa = PBXFileReference; fileEncoding = 4; lastKnownFileType = sourcecode.c.objc; path = PopCustomScaleButton.m; sourceTree = "<group>"; };
		C1B2A7DE1A8AD12C00FC80C2 /* correct.caf */ = {isa = PBXFileReference; lastKnownFileType = file; path = correct.caf; sourceTree = "<group>"; };
		C1B2A7E11A8AD18000FC80C2 /* Quiz.h */ = {isa = PBXFileReference; fileEncoding = 4; lastKnownFileType = sourcecode.c.h; path = Quiz.h; sourceTree = "<group>"; };
		C1B2A7E21A8AD18000FC80C2 /* Quiz.m */ = {isa = PBXFileReference; fileEncoding = 4; lastKnownFileType = sourcecode.c.objc; path = Quiz.m; sourceTree = "<group>"; };
		C1B2A7E51A8AD21C00FC80C2 /* AFHTTPRequestOperation.h */ = {isa = PBXFileReference; fileEncoding = 4; lastKnownFileType = sourcecode.c.h; path = AFHTTPRequestOperation.h; sourceTree = "<group>"; };
		C1B2A7E61A8AD21C00FC80C2 /* AFHTTPRequestOperation.m */ = {isa = PBXFileReference; fileEncoding = 4; lastKnownFileType = sourcecode.c.objc; path = AFHTTPRequestOperation.m; sourceTree = "<group>"; };
		C1B2A7E71A8AD21C00FC80C2 /* AFHTTPRequestOperationManager.h */ = {isa = PBXFileReference; fileEncoding = 4; lastKnownFileType = sourcecode.c.h; path = AFHTTPRequestOperationManager.h; sourceTree = "<group>"; };
		C1B2A7E81A8AD21C00FC80C2 /* AFHTTPRequestOperationManager.m */ = {isa = PBXFileReference; fileEncoding = 4; lastKnownFileType = sourcecode.c.objc; path = AFHTTPRequestOperationManager.m; sourceTree = "<group>"; };
		C1B2A7E91A8AD21C00FC80C2 /* AFHTTPSessionManager.h */ = {isa = PBXFileReference; fileEncoding = 4; lastKnownFileType = sourcecode.c.h; path = AFHTTPSessionManager.h; sourceTree = "<group>"; };
		C1B2A7EA1A8AD21C00FC80C2 /* AFHTTPSessionManager.m */ = {isa = PBXFileReference; fileEncoding = 4; lastKnownFileType = sourcecode.c.objc; path = AFHTTPSessionManager.m; sourceTree = "<group>"; };
		C1B2A7EB1A8AD21C00FC80C2 /* AFNetworking.h */ = {isa = PBXFileReference; fileEncoding = 4; lastKnownFileType = sourcecode.c.h; path = AFNetworking.h; sourceTree = "<group>"; };
		C1B2A7EC1A8AD21C00FC80C2 /* AFNetworkReachabilityManager.h */ = {isa = PBXFileReference; fileEncoding = 4; lastKnownFileType = sourcecode.c.h; path = AFNetworkReachabilityManager.h; sourceTree = "<group>"; };
		C1B2A7ED1A8AD21C00FC80C2 /* AFNetworkReachabilityManager.m */ = {isa = PBXFileReference; fileEncoding = 4; lastKnownFileType = sourcecode.c.objc; path = AFNetworkReachabilityManager.m; sourceTree = "<group>"; };
		C1B2A7EE1A8AD21C00FC80C2 /* AFSecurityPolicy.h */ = {isa = PBXFileReference; fileEncoding = 4; lastKnownFileType = sourcecode.c.h; path = AFSecurityPolicy.h; sourceTree = "<group>"; };
		C1B2A7EF1A8AD21C00FC80C2 /* AFSecurityPolicy.m */ = {isa = PBXFileReference; fileEncoding = 4; lastKnownFileType = sourcecode.c.objc; path = AFSecurityPolicy.m; sourceTree = "<group>"; };
		C1B2A7F01A8AD21C00FC80C2 /* AFURLConnectionOperation.h */ = {isa = PBXFileReference; fileEncoding = 4; lastKnownFileType = sourcecode.c.h; path = AFURLConnectionOperation.h; sourceTree = "<group>"; };
		C1B2A7F11A8AD21C00FC80C2 /* AFURLConnectionOperation.m */ = {isa = PBXFileReference; fileEncoding = 4; lastKnownFileType = sourcecode.c.objc; path = AFURLConnectionOperation.m; sourceTree = "<group>"; };
		C1B2A7F21A8AD21C00FC80C2 /* AFURLRequestSerialization.h */ = {isa = PBXFileReference; fileEncoding = 4; lastKnownFileType = sourcecode.c.h; path = AFURLRequestSerialization.h; sourceTree = "<group>"; };
		C1B2A7F31A8AD21C00FC80C2 /* AFURLRequestSerialization.m */ = {isa = PBXFileReference; fileEncoding = 4; lastKnownFileType = sourcecode.c.objc; path = AFURLRequestSerialization.m; sourceTree = "<group>"; };
		C1B2A7F41A8AD21C00FC80C2 /* AFURLResponseSerialization.h */ = {isa = PBXFileReference; fileEncoding = 4; lastKnownFileType = sourcecode.c.h; path = AFURLResponseSerialization.h; sourceTree = "<group>"; };
		C1B2A7F51A8AD21C00FC80C2 /* AFURLResponseSerialization.m */ = {isa = PBXFileReference; fileEncoding = 4; lastKnownFileType = sourcecode.c.objc; path = AFURLResponseSerialization.m; sourceTree = "<group>"; };
		C1B2A7F61A8AD21C00FC80C2 /* AFURLSessionManager.h */ = {isa = PBXFileReference; fileEncoding = 4; lastKnownFileType = sourcecode.c.h; path = AFURLSessionManager.h; sourceTree = "<group>"; };
		C1B2A7F71A8AD21C00FC80C2 /* AFURLSessionManager.m */ = {isa = PBXFileReference; fileEncoding = 4; lastKnownFileType = sourcecode.c.objc; path = AFURLSessionManager.m; sourceTree = "<group>"; };
		C1B2A8021A8AE48C00FC80C2 /* UIImage+ChangeColor.h */ = {isa = PBXFileReference; fileEncoding = 4; lastKnownFileType = sourcecode.c.h; path = "UIImage+ChangeColor.h"; sourceTree = "<group>"; };
		C1B2A8031A8AE48C00FC80C2 /* UIImage+ChangeColor.m */ = {isa = PBXFileReference; fileEncoding = 4; lastKnownFileType = sourcecode.c.objc; path = "UIImage+ChangeColor.m"; sourceTree = "<group>"; };
		C1E4F52C1A8C7E0200A924F7 /* PopAnimationClearButton.h */ = {isa = PBXFileReference; fileEncoding = 4; lastKnownFileType = sourcecode.c.h; path = PopAnimationClearButton.h; sourceTree = "<group>"; };
		C1E4F52D1A8C7E0200A924F7 /* PopAnimationClearButton.m */ = {isa = PBXFileReference; fileEncoding = 4; lastKnownFileType = sourcecode.c.objc; path = PopAnimationClearButton.m; sourceTree = "<group>"; };
/* End PBXFileReference section */

/* Begin PBXFrameworksBuildPhase section */
		C1400EB81A89DAEC00867496 /* Frameworks */ = {
			isa = PBXFrameworksBuildPhase;
			buildActionMask = 2147483647;
			files = (
				C1705DDE1A905824005129C6 /* StoreKit.framework in Frameworks */,
				0B97DC294D8C6E50512C47F4 /* libPods.a in Frameworks */,
			);
			runOnlyForDeploymentPostprocessing = 0;
		};
		C1400ED11A89DAEC00867496 /* Frameworks */ = {
			isa = PBXFrameworksBuildPhase;
			buildActionMask = 2147483647;
			files = (
			);
			runOnlyForDeploymentPostprocessing = 0;
		};
/* End PBXFrameworksBuildPhase section */

/* Begin PBXGroup section */
		1964551D55526615F0E43451 /* Frameworks */ = {
			isa = PBXGroup;
			children = (
				C1705DDD1A905824005129C6 /* StoreKit.framework */,
				C13B92671A8DBC6700F37C82 /* MessageUI.framework */,
				4335BFEC03F1675186383896 /* libPods.a */,
			);
			name = Frameworks;
			sourceTree = "<group>";
		};
		C1400EB21A89DAEC00867496 = {
			isa = PBXGroup;
			children = (
				C1400EBD1A89DAEC00867496 /* QuizKorean */,
				C1400ED71A89DAEC00867496 /* QuizKoreanTests */,
				C1400EBC1A89DAEC00867496 /* Products */,
				C3CF64C71C41425DFB9E90E7 /* Pods */,
				1964551D55526615F0E43451 /* Frameworks */,
			);
			sourceTree = "<group>";
		};
		C1400EBC1A89DAEC00867496 /* Products */ = {
			isa = PBXGroup;
			children = (
				C1400EBB1A89DAEC00867496 /* QuizKorean.app */,
				C1400ED41A89DAEC00867496 /* QuizKoreanTests.xctest */,
			);
			name = Products;
			sourceTree = "<group>";
		};
		C1400EBD1A89DAEC00867496 /* QuizKorean */ = {
			isa = PBXGroup;
			children = (
				C1705DD71A905800005129C6 /* iRate */,
				C1B2A7E41A8AD21C00FC80C2 /* AFNetworking */,
				C1B2A8011A8AE48C00FC80C2 /* Categories */,
				C1400EF31A89E75900867496 /* PopView */,
				C1400EE41A89DB7E00867496 /* Controllers */,
				C1B2A7E01A8AD16400FC80C2 /* Data */,
				C1400EEB1A89DC8C00867496 /* UI */,
				C1B2A7DD1A8AD10F00FC80C2 /* Sound */,
				C1400EBE1A89DAEC00867496 /* Supporting Files */,
			);
			path = QuizKorean;
			sourceTree = "<group>";
		};
		C1400EBE1A89DAEC00867496 /* Supporting Files */ = {
			isa = PBXGroup;
			children = (
				C1400EBF1A89DAEC00867496 /* Info.plist */,
				C1400EC01A89DAEC00867496 /* main.m */,
				C13B92661A8DA22B00F37C82 /* PrefixHeader.pch */,
			);
			name = "Supporting Files";
			sourceTree = "<group>";
		};
		C1400ED71A89DAEC00867496 /* QuizKoreanTests */ = {
			isa = PBXGroup;
			children = (
				C1400EDA1A89DAEC00867496 /* QuizKoreanTests.m */,
				C1400ED81A89DAEC00867496 /* Supporting Files */,
			);
			path = QuizKoreanTests;
			sourceTree = "<group>";
		};
		C1400ED81A89DAEC00867496 /* Supporting Files */ = {
			isa = PBXGroup;
			children = (
				C1400ED91A89DAEC00867496 /* Info.plist */,
			);
			name = "Supporting Files";
			sourceTree = "<group>";
		};
		C1400EE41A89DB7E00867496 /* Controllers */ = {
			isa = PBXGroup;
			children = (
				C1400EC21A89DAEC00867496 /* AppDelegate.h */,
				C1400EC31A89DAEC00867496 /* AppDelegate.m */,
				C1400EE51A89DBB400867496 /* MenuViewController.h */,
				C1400EE61A89DBB400867496 /* MenuViewController.m */,
				C1400EC51A89DAEC00867496 /* QuizViewController.h */,
				C1400EC61A89DAEC00867496 /* QuizViewController.m */,
				321E17D11A9C1A57006E3FDA /* ProgressViewController.h */,
				321E17D21A9C1A57006E3FDA /* ProgressViewController.m */,
				C1400EF01A89E3C800867496 /* SettingsViewController.h */,
				C1400EF11A89E3C800867496 /* SettingsViewController.m */,
				C1400EE81A89DC5E00867496 /* AboutViewController.h */,
				C1400EE91A89DC5E00867496 /* AboutViewController.m */,
				328948DF1A9452290024F74D /* PopViewController.h */,
				328948E01A9452290024F74D /* PopViewController.m */,
			);
			name = Controllers;
			sourceTree = "<group>";
		};
		C1400EEB1A89DC8C00867496 /* UI */ = {
			isa = PBXGroup;
			children = (
				C1400EC81A89DAEC00867496 /* Main.storyboard */,
				C1400ECD1A89DAEC00867496 /* LaunchScreen.xib */,
				C1400ECB1A89DAEC00867496 /* Images.xcassets */,
			);
			name = UI;
			sourceTree = "<group>";
		};
		C1400EF31A89E75900867496 /* PopView */ = {
			isa = PBXGroup;
			children = (
				C1400EF41A89E77B00867496 /* PopAnimationButton.h */,
				C1400EF51A89E77B00867496 /* PopAnimationButton.m */,
				C11EE55D1A8C241C00393FC1 /* PopScaleButton.h */,
				C11EE55E1A8C241C00393FC1 /* PopScaleButton.m */,
				C1E4F52C1A8C7E0200A924F7 /* PopAnimationClearButton.h */,
				C1E4F52D1A8C7E0200A924F7 /* PopAnimationClearButton.m */,
				C19D60FE1A9305DB00C03B08 /* PopCustomScaleButton.h */,
				C19D60FF1A9305DB00C03B08 /* PopCustomScaleButton.m */,
				328948DC1A944D790024F74D /* PopView.h */,
				328948DD1A944D790024F74D /* PopView.m */,
				C1400EED1A89DCD000867496 /* GradientView.h */,
				C1400EEE1A89DCD000867496 /* GradientView.m */,
				329D53E91A9889030053CF0A /* PopAnimationImageView.h */,
				329D53EA1A9889030053CF0A /* PopAnimationImageView.m */,
			);
			name = PopView;
			sourceTree = "<group>";
		};
		C1705DD71A905800005129C6 /* iRate */ = {
			isa = PBXGroup;
			children = (
				C1705DD81A905800005129C6 /* iRate.bundle */,
				C1705DD91A905800005129C6 /* iRate.h */,
				C1705DDA1A905800005129C6 /* iRate.m */,
			);
			path = iRate;
			sourceTree = "<group>";
		};
		C1B2A7DD1A8AD10F00FC80C2 /* Sound */ = {
			isa = PBXGroup;
			children = (
				C1B2A7DE1A8AD12C00FC80C2 /* correct.caf */,
			);
			name = Sound;
			sourceTree = "<group>";
		};
		C1B2A7E01A8AD16400FC80C2 /* Data */ = {
			isa = PBXGroup;
			children = (
				C1B2A7E11A8AD18000FC80C2 /* Quiz.h */,
				C1B2A7E21A8AD18000FC80C2 /* Quiz.m */,
			);
			name = Data;
			sourceTree = "<group>";
		};
		C1B2A7E41A8AD21C00FC80C2 /* AFNetworking */ = {
			isa = PBXGroup;
			children = (
				C1B2A7E51A8AD21C00FC80C2 /* AFHTTPRequestOperation.h */,
				C1B2A7E61A8AD21C00FC80C2 /* AFHTTPRequestOperation.m */,
				C1B2A7E71A8AD21C00FC80C2 /* AFHTTPRequestOperationManager.h */,
				C1B2A7E81A8AD21C00FC80C2 /* AFHTTPRequestOperationManager.m */,
				C1B2A7E91A8AD21C00FC80C2 /* AFHTTPSessionManager.h */,
				C1B2A7EA1A8AD21C00FC80C2 /* AFHTTPSessionManager.m */,
				C1B2A7EB1A8AD21C00FC80C2 /* AFNetworking.h */,
				C1B2A7EC1A8AD21C00FC80C2 /* AFNetworkReachabilityManager.h */,
				C1B2A7ED1A8AD21C00FC80C2 /* AFNetworkReachabilityManager.m */,
				C1B2A7EE1A8AD21C00FC80C2 /* AFSecurityPolicy.h */,
				C1B2A7EF1A8AD21C00FC80C2 /* AFSecurityPolicy.m */,
				C1B2A7F01A8AD21C00FC80C2 /* AFURLConnectionOperation.h */,
				C1B2A7F11A8AD21C00FC80C2 /* AFURLConnectionOperation.m */,
				C1B2A7F21A8AD21C00FC80C2 /* AFURLRequestSerialization.h */,
				C1B2A7F31A8AD21C00FC80C2 /* AFURLRequestSerialization.m */,
				C1B2A7F41A8AD21C00FC80C2 /* AFURLResponseSerialization.h */,
				C1B2A7F51A8AD21C00FC80C2 /* AFURLResponseSerialization.m */,
				C1B2A7F61A8AD21C00FC80C2 /* AFURLSessionManager.h */,
				C1B2A7F71A8AD21C00FC80C2 /* AFURLSessionManager.m */,
			);
			path = AFNetworking;
			sourceTree = "<group>";
		};
		C1B2A8011A8AE48C00FC80C2 /* Categories */ = {
			isa = PBXGroup;
			children = (
				C1B2A8021A8AE48C00FC80C2 /* UIImage+ChangeColor.h */,
				C1B2A8031A8AE48C00FC80C2 /* UIImage+ChangeColor.m */,
			);
			path = Categories;
			sourceTree = "<group>";
		};
		C3CF64C71C41425DFB9E90E7 /* Pods */ = {
			isa = PBXGroup;
			children = (
				55C41846C9C4A9A3FF714D22 /* Pods.debug.xcconfig */,
				A93D3854E72A579DC09E0303 /* Pods.release.xcconfig */,
			);
			name = Pods;
			sourceTree = "<group>";
		};
/* End PBXGroup section */

/* Begin PBXNativeTarget section */
		C1400EBA1A89DAEC00867496 /* QuizKorean */ = {
			isa = PBXNativeTarget;
			buildConfigurationList = C1400EDE1A89DAEC00867496 /* Build configuration list for PBXNativeTarget "QuizKorean" */;
			buildPhases = (
				492E01909D264213415415A1 /* Check Pods Manifest.lock */,
				C1400EB71A89DAEC00867496 /* Sources */,
				C1400EB81A89DAEC00867496 /* Frameworks */,
				C1400EB91A89DAEC00867496 /* Resources */,
				FAEA831B0E7D55506D76D81A /* Copy Pods Resources */,
			);
			buildRules = (
			);
			dependencies = (
			);
			name = QuizKorean;
			productName = QuizKorean;
			productReference = C1400EBB1A89DAEC00867496 /* QuizKorean.app */;
			productType = "com.apple.product-type.application";
		};
		C1400ED31A89DAEC00867496 /* QuizKoreanTests */ = {
			isa = PBXNativeTarget;
			buildConfigurationList = C1400EE11A89DAEC00867496 /* Build configuration list for PBXNativeTarget "QuizKoreanTests" */;
			buildPhases = (
				C1400ED01A89DAEC00867496 /* Sources */,
				C1400ED11A89DAEC00867496 /* Frameworks */,
				C1400ED21A89DAEC00867496 /* Resources */,
			);
			buildRules = (
			);
			dependencies = (
				C1400ED61A89DAEC00867496 /* PBXTargetDependency */,
			);
			name = QuizKoreanTests;
			productName = QuizKoreanTests;
			productReference = C1400ED41A89DAEC00867496 /* QuizKoreanTests.xctest */;
			productType = "com.apple.product-type.bundle.unit-test";
		};
/* End PBXNativeTarget section */

/* Begin PBXProject section */
		C1400EB31A89DAEC00867496 /* Project object */ = {
			isa = PBXProject;
			attributes = {
				LastUpgradeCheck = 0630;
				ORGANIZATIONNAME = jun;
				TargetAttributes = {
					C1400EBA1A89DAEC00867496 = {
						CreatedOnToolsVersion = 6.3;
						DevelopmentTeam = 9DHQ6GLLC9;
					};
					C1400ED31A89DAEC00867496 = {
						CreatedOnToolsVersion = 6.3;
						TestTargetID = C1400EBA1A89DAEC00867496;
					};
				};
			};
			buildConfigurationList = C1400EB61A89DAEC00867496 /* Build configuration list for PBXProject "QuizKorean" */;
			compatibilityVersion = "Xcode 3.2";
			developmentRegion = English;
			hasScannedForEncodings = 0;
			knownRegions = (
				en,
				Base,
			);
			mainGroup = C1400EB21A89DAEC00867496;
			productRefGroup = C1400EBC1A89DAEC00867496 /* Products */;
			projectDirPath = "";
			projectRoot = "";
			targets = (
				C1400EBA1A89DAEC00867496 /* QuizKorean */,
				C1400ED31A89DAEC00867496 /* QuizKoreanTests */,
			);
		};
/* End PBXProject section */

/* Begin PBXResourcesBuildPhase section */
		C1400EB91A89DAEC00867496 /* Resources */ = {
			isa = PBXResourcesBuildPhase;
			buildActionMask = 2147483647;
			files = (
				C1400ECA1A89DAEC00867496 /* Main.storyboard in Resources */,
				C1400ECF1A89DAEC00867496 /* LaunchScreen.xib in Resources */,
				C1400ECC1A89DAEC00867496 /* Images.xcassets in Resources */,
				C1705DDB1A905800005129C6 /* iRate.bundle in Resources */,
				C1B2A7DF1A8AD12C00FC80C2 /* correct.caf in Resources */,
			);
			runOnlyForDeploymentPostprocessing = 0;
		};
		C1400ED21A89DAEC00867496 /* Resources */ = {
			isa = PBXResourcesBuildPhase;
			buildActionMask = 2147483647;
			files = (
			);
			runOnlyForDeploymentPostprocessing = 0;
		};
/* End PBXResourcesBuildPhase section */

/* Begin PBXShellScriptBuildPhase section */
		492E01909D264213415415A1 /* Check Pods Manifest.lock */ = {
			isa = PBXShellScriptBuildPhase;
			buildActionMask = 2147483647;
			files = (
			);
			inputPaths = (
			);
			name = "Check Pods Manifest.lock";
			outputPaths = (
			);
			runOnlyForDeploymentPostprocessing = 0;
			shellPath = /bin/sh;
			shellScript = "diff \"${PODS_ROOT}/../Podfile.lock\" \"${PODS_ROOT}/Manifest.lock\" > /dev/null\nif [[ $? != 0 ]] ; then\n    cat << EOM\nerror: The sandbox is not in sync with the Podfile.lock. Run 'pod install' or update your CocoaPods installation.\nEOM\n    exit 1\nfi\n";
			showEnvVarsInLog = 0;
		};
		FAEA831B0E7D55506D76D81A /* Copy Pods Resources */ = {
			isa = PBXShellScriptBuildPhase;
			buildActionMask = 2147483647;
			files = (
			);
			inputPaths = (
			);
			name = "Copy Pods Resources";
			outputPaths = (
			);
			runOnlyForDeploymentPostprocessing = 0;
			shellPath = /bin/sh;
			shellScript = "\"${SRCROOT}/Pods/Target Support Files/Pods/Pods-resources.sh\"\n";
			showEnvVarsInLog = 0;
		};
/* End PBXShellScriptBuildPhase section */

/* Begin PBXSourcesBuildPhase section */
		C1400EB71A89DAEC00867496 /* Sources */ = {
			isa = PBXSourcesBuildPhase;
			buildActionMask = 2147483647;
			files = (
				C1B2A8041A8AE48C00FC80C2 /* UIImage+ChangeColor.m in Sources */,
				321E17D31A9C1A57006E3FDA /* ProgressViewController.m in Sources */,
				C1E4F52E1A8C7E0200A924F7 /* PopAnimationClearButton.m in Sources */,
				C1B2A7FC1A8AD21C00FC80C2 /* AFSecurityPolicy.m in Sources */,
				329D53EB1A9889030053CF0A /* PopAnimationImageView.m in Sources */,
				C1400EC71A89DAEC00867496 /* QuizViewController.m in Sources */,
				C1B2A7FB1A8AD21C00FC80C2 /* AFNetworkReachabilityManager.m in Sources */,
				C1400EEA1A89DC5E00867496 /* AboutViewController.m in Sources */,
				328948E11A9452290024F74D /* PopViewController.m in Sources */,
				328948DE1A944D790024F74D /* PopView.m in Sources */,
				C19D61001A9305DB00C03B08 /* PopCustomScaleButton.m in Sources */,
				C1B2A7FD1A8AD21C00FC80C2 /* AFURLConnectionOperation.m in Sources */,
				C1B2A7F81A8AD21C00FC80C2 /* AFHTTPRequestOperation.m in Sources */,
				C1B2A7FA1A8AD21C00FC80C2 /* AFHTTPSessionManager.m in Sources */,
				C1B2A7FE1A8AD21C00FC80C2 /* AFURLRequestSerialization.m in Sources */,
				C1400EF61A89E77B00867496 /* PopAnimationButton.m in Sources */,
				C1B2A8001A8AD21C00FC80C2 /* AFURLSessionManager.m in Sources */,
				C1400EC41A89DAEC00867496 /* AppDelegate.m in Sources */,
				C1B2A7F91A8AD21C00FC80C2 /* AFHTTPRequestOperationManager.m in Sources */,
				C1400EC11A89DAEC00867496 /* main.m in Sources */,
				C1B2A7FF1A8AD21C00FC80C2 /* AFURLResponseSerialization.m in Sources */,
				C1400EEF1A89DCD000867496 /* GradientView.m in Sources */,
				C1705DDC1A905800005129C6 /* iRate.m in Sources */,
				C1400EE71A89DBB400867496 /* MenuViewController.m in Sources */,
				C1B2A7E31A8AD18000FC80C2 /* Quiz.m in Sources */,
				C11EE55F1A8C241C00393FC1 /* PopScaleButton.m in Sources */,
				C1400EF21A89E3C800867496 /* SettingsViewController.m in Sources */,
			);
			runOnlyForDeploymentPostprocessing = 0;
		};
		C1400ED01A89DAEC00867496 /* Sources */ = {
			isa = PBXSourcesBuildPhase;
			buildActionMask = 2147483647;
			files = (
				C1400EDB1A89DAEC00867496 /* QuizKoreanTests.m in Sources */,
			);
			runOnlyForDeploymentPostprocessing = 0;
		};
/* End PBXSourcesBuildPhase section */

/* Begin PBXTargetDependency section */
		C1400ED61A89DAEC00867496 /* PBXTargetDependency */ = {
			isa = PBXTargetDependency;
			target = C1400EBA1A89DAEC00867496 /* QuizKorean */;
			targetProxy = C1400ED51A89DAEC00867496 /* PBXContainerItemProxy */;
		};
/* End PBXTargetDependency section */

/* Begin PBXVariantGroup section */
		C1400EC81A89DAEC00867496 /* Main.storyboard */ = {
			isa = PBXVariantGroup;
			children = (
				C1400EC91A89DAEC00867496 /* Base */,
			);
			name = Main.storyboard;
			sourceTree = "<group>";
		};
		C1400ECD1A89DAEC00867496 /* LaunchScreen.xib */ = {
			isa = PBXVariantGroup;
			children = (
				C1400ECE1A89DAEC00867496 /* Base */,
			);
			name = LaunchScreen.xib;
			sourceTree = "<group>";
		};
/* End PBXVariantGroup section */

/* Begin XCBuildConfiguration section */
		C1400EDC1A89DAEC00867496 /* Debug */ = {
			isa = XCBuildConfiguration;
			buildSettings = {
				ALWAYS_SEARCH_USER_PATHS = NO;
				CLANG_CXX_LANGUAGE_STANDARD = "gnu++0x";
				CLANG_CXX_LIBRARY = "libc++";
				CLANG_ENABLE_MODULES = YES;
				CLANG_ENABLE_OBJC_ARC = YES;
				CLANG_WARN_BOOL_CONVERSION = YES;
				CLANG_WARN_CONSTANT_CONVERSION = YES;
				CLANG_WARN_DIRECT_OBJC_ISA_USAGE = YES_ERROR;
				CLANG_WARN_EMPTY_BODY = YES;
				CLANG_WARN_ENUM_CONVERSION = YES;
				CLANG_WARN_INT_CONVERSION = YES;
				CLANG_WARN_OBJC_ROOT_CLASS = YES_ERROR;
				CLANG_WARN_UNREACHABLE_CODE = YES;
				CLANG_WARN__DUPLICATE_METHOD_MATCH = YES;
				"CODE_SIGN_IDENTITY[sdk=iphoneos*]" = "iPhone Developer";
				COPY_PHASE_STRIP = NO;
				DEBUG_INFORMATION_FORMAT = dwarf;
				ENABLE_STRICT_OBJC_MSGSEND = YES;
				GCC_C_LANGUAGE_STANDARD = gnu99;
				GCC_DYNAMIC_NO_PIC = NO;
				GCC_OPTIMIZATION_LEVEL = 0;
				GCC_PREPROCESSOR_DEFINITIONS = (
					"DEBUG=1",
					"$(inherited)",
				);
				GCC_SYMBOLS_PRIVATE_EXTERN = NO;
				GCC_WARN_64_TO_32_BIT_CONVERSION = YES;
				GCC_WARN_ABOUT_RETURN_TYPE = YES_ERROR;
				GCC_WARN_UNDECLARED_SELECTOR = YES;
				GCC_WARN_UNINITIALIZED_AUTOS = YES_AGGRESSIVE;
				GCC_WARN_UNUSED_FUNCTION = YES;
				GCC_WARN_UNUSED_VARIABLE = YES;
				IPHONEOS_DEPLOYMENT_TARGET = 8.0;
				MTL_ENABLE_DEBUG_INFO = YES;
				ONLY_ACTIVE_ARCH = YES;
				SDKROOT = iphoneos;
				TARGETED_DEVICE_FAMILY = "1,2";
			};
			name = Debug;
		};
		C1400EDD1A89DAEC00867496 /* Release */ = {
			isa = XCBuildConfiguration;
			buildSettings = {
				ALWAYS_SEARCH_USER_PATHS = NO;
				CLANG_CXX_LANGUAGE_STANDARD = "gnu++0x";
				CLANG_CXX_LIBRARY = "libc++";
				CLANG_ENABLE_MODULES = YES;
				CLANG_ENABLE_OBJC_ARC = YES;
				CLANG_WARN_BOOL_CONVERSION = YES;
				CLANG_WARN_CONSTANT_CONVERSION = YES;
				CLANG_WARN_DIRECT_OBJC_ISA_USAGE = YES_ERROR;
				CLANG_WARN_EMPTY_BODY = YES;
				CLANG_WARN_ENUM_CONVERSION = YES;
				CLANG_WARN_INT_CONVERSION = YES;
				CLANG_WARN_OBJC_ROOT_CLASS = YES_ERROR;
				CLANG_WARN_UNREACHABLE_CODE = YES;
				CLANG_WARN__DUPLICATE_METHOD_MATCH = YES;
				"CODE_SIGN_IDENTITY[sdk=iphoneos*]" = "iPhone Developer";
				COPY_PHASE_STRIP = NO;
				DEBUG_INFORMATION_FORMAT = "dwarf-with-dsym";
				ENABLE_NS_ASSERTIONS = NO;
				ENABLE_STRICT_OBJC_MSGSEND = YES;
				GCC_C_LANGUAGE_STANDARD = gnu99;
				GCC_WARN_64_TO_32_BIT_CONVERSION = YES;
				GCC_WARN_ABOUT_RETURN_TYPE = YES_ERROR;
				GCC_WARN_UNDECLARED_SELECTOR = YES;
				GCC_WARN_UNINITIALIZED_AUTOS = YES_AGGRESSIVE;
				GCC_WARN_UNUSED_FUNCTION = YES;
				GCC_WARN_UNUSED_VARIABLE = YES;
				IPHONEOS_DEPLOYMENT_TARGET = 8.0;
				MTL_ENABLE_DEBUG_INFO = NO;
				SDKROOT = iphoneos;
				TARGETED_DEVICE_FAMILY = "1,2";
				VALIDATE_PRODUCT = YES;
			};
			name = Release;
		};
		C1400EDF1A89DAEC00867496 /* Debug */ = {
			isa = XCBuildConfiguration;
			baseConfigurationReference = 55C41846C9C4A9A3FF714D22 /* Pods.debug.xcconfig */;
			buildSettings = {
				ASSETCATALOG_COMPILER_APPICON_NAME = AppIcon;
				CODE_SIGN_IDENTITY = "iPhone Developer";
				"CODE_SIGN_IDENTITY[sdk=iphoneos*]" = "iPhone Developer";
				GCC_PREFIX_HEADER = QuizKorean/PrefixHeader.pch;
				INFOPLIST_FILE = QuizKorean/Info.plist;
				IPHONEOS_DEPLOYMENT_TARGET = 8.0;
				LD_RUNPATH_SEARCH_PATHS = "$(inherited) @executable_path/Frameworks";
				PRODUCT_NAME = "$(TARGET_NAME)";
				PROVISIONING_PROFILE = "";
			};
			name = Debug;
		};
		C1400EE01A89DAEC00867496 /* Release */ = {
			isa = XCBuildConfiguration;
			baseConfigurationReference = A93D3854E72A579DC09E0303 /* Pods.release.xcconfig */;
			buildSettings = {
				ASSETCATALOG_COMPILER_APPICON_NAME = AppIcon;
				CODE_SIGN_IDENTITY = "iPhone Developer";
				"CODE_SIGN_IDENTITY[sdk=iphoneos*]" = "iPhone Developer";
				GCC_PREFIX_HEADER = QuizKorean/PrefixHeader.pch;
				INFOPLIST_FILE = QuizKorean/Info.plist;
				IPHONEOS_DEPLOYMENT_TARGET = 8.0;
				LD_RUNPATH_SEARCH_PATHS = "$(inherited) @executable_path/Frameworks";
				PRODUCT_NAME = "$(TARGET_NAME)";
				PROVISIONING_PROFILE = "";
			};
			name = Release;
		};
		C1400EE21A89DAEC00867496 /* Debug */ = {
			isa = XCBuildConfiguration;
			buildSettings = {
				BUNDLE_LOADER = "$(TEST_HOST)";
				FRAMEWORK_SEARCH_PATHS = (
					"$(SDKROOT)/Developer/Library/Frameworks",
					"$(inherited)",
				);
				GCC_PREPROCESSOR_DEFINITIONS = (
					"DEBUG=1",
					"$(inherited)",
				);
				INFOPLIST_FILE = QuizKoreanTests/Info.plist;
				IPHONEOS_DEPLOYMENT_TARGET = 7.1;
				LD_RUNPATH_SEARCH_PATHS = "$(inherited) @executable_path/Frameworks @loader_path/Frameworks";
				PRODUCT_NAME = "$(TARGET_NAME)";
				TEST_HOST = "$(BUILT_PRODUCTS_DIR)/QuizKorean.app/QuizKorean";
			};
			name = Debug;
		};
		C1400EE31A89DAEC00867496 /* Release */ = {
			isa = XCBuildConfiguration;
			buildSettings = {
				BUNDLE_LOADER = "$(TEST_HOST)";
				FRAMEWORK_SEARCH_PATHS = (
					"$(SDKROOT)/Developer/Library/Frameworks",
					"$(inherited)",
				);
				INFOPLIST_FILE = QuizKoreanTests/Info.plist;
				IPHONEOS_DEPLOYMENT_TARGET = 7.1;
				LD_RUNPATH_SEARCH_PATHS = "$(inherited) @executable_path/Frameworks @loader_path/Frameworks";
				PRODUCT_NAME = "$(TARGET_NAME)";
				TEST_HOST = "$(BUILT_PRODUCTS_DIR)/QuizKorean.app/QuizKorean";
			};
			name = Release;
		};
/* End XCBuildConfiguration section */

/* Begin XCConfigurationList section */
		C1400EB61A89DAEC00867496 /* Build configuration list for PBXProject "QuizKorean" */ = {
			isa = XCConfigurationList;
			buildConfigurations = (
				C1400EDC1A89DAEC00867496 /* Debug */,
				C1400EDD1A89DAEC00867496 /* Release */,
			);
			defaultConfigurationIsVisible = 0;
			defaultConfigurationName = Release;
		};
		C1400EDE1A89DAEC00867496 /* Build configuration list for PBXNativeTarget "QuizKorean" */ = {
			isa = XCConfigurationList;
			buildConfigurations = (
				C1400EDF1A89DAEC00867496 /* Debug */,
				C1400EE01A89DAEC00867496 /* Release */,
			);
			defaultConfigurationIsVisible = 0;
			defaultConfigurationName = Release;
		};
		C1400EE11A89DAEC00867496 /* Build configuration list for PBXNativeTarget "QuizKoreanTests" */ = {
			isa = XCConfigurationList;
			buildConfigurations = (
				C1400EE21A89DAEC00867496 /* Debug */,
				C1400EE31A89DAEC00867496 /* Release */,
			);
			defaultConfigurationIsVisible = 0;
			defaultConfigurationName = Release;
		};
/* End XCConfigurationList section */
	};
	rootObject = C1400EB31A89DAEC00867496 /* Project object */;
}
